// !$*UTF8*$!
{
	archiveVersion = 1;
	classes = {
	};
	objectVersion = 56;
	objects = {

/* Begin PBXBuildFile section */
		85350C4D2900F4E1002408B4 /* AppDelegate.swift in Sources */ = {isa = PBXBuildFile; fileRef = 85350C4C2900F4E1002408B4 /* AppDelegate.swift */; };
		85350C512900F4E1002408B4 /* ViewController.swift in Sources */ = {isa = PBXBuildFile; fileRef = 85350C502900F4E1002408B4 /* ViewController.swift */; };
		85350C542900F4E1002408B4 /* Main.storyboard in Resources */ = {isa = PBXBuildFile; fileRef = 85350C522900F4E1002408B4 /* Main.storyboard */; };
		85350C562900F4E3002408B4 /* Assets.xcassets in Resources */ = {isa = PBXBuildFile; fileRef = 85350C552900F4E3002408B4 /* Assets.xcassets */; };
		85350C592900F4E3002408B4 /* LaunchScreen.storyboard in Resources */ = {isa = PBXBuildFile; fileRef = 85350C572900F4E3002408B4 /* LaunchScreen.storyboard */; };
		85350CD12900F569002408B4 /* CMYKRegistrationMismatch.swift in Sources */ = {isa = PBXBuildFile; fileRef = 85350C612900F569002408B4 /* CMYKRegistrationMismatch.swift */; };
		85350CD22900F569002408B4 /* RefractedTextFilter.swift in Sources */ = {isa = PBXBuildFile; fileRef = 85350C622900F569002408B4 /* RefractedTextFilter.swift */; };
		85350CD32900F569002408B4 /* MultiBandHSV.swift in Sources */ = {isa = PBXBuildFile; fileRef = 85350C632900F569002408B4 /* MultiBandHSV.swift */; };
		85350CD42900F569002408B4 /* SimplePlasma.swift in Sources */ = {isa = PBXBuildFile; fileRef = 85350C642900F569002408B4 /* SimplePlasma.swift */; };
		85350CD52900F569002408B4 /* Voronoi.cikernel in Resources */ = {isa = PBXBuildFile; fileRef = 85350C652900F569002408B4 /* Voronoi.cikernel */; };
		85350CD62900F569002408B4 /* cikl_sky.cikernel in Resources */ = {isa = PBXBuildFile; fileRef = 85350C662900F569002408B4 /* cikl_sky.cikernel */; };
		85350CD72900F569002408B4 /* Bokeh.swift in Sources */ = {isa = PBXBuildFile; fileRef = 85350C672900F569002408B4 /* Bokeh.swift */; };
		85350CD82900F569002408B4 /* CausticRefraction.swift in Sources */ = {isa = PBXBuildFile; fileRef = 85350C682900F569002408B4 /* CausticRefraction.swift */; };
		85350CD92900F569002408B4 /* ModelIOGenerators.swift in Sources */ = {isa = PBXBuildFile; fileRef = 85350C692900F569002408B4 /* ModelIOGenerators.swift */; };
		85350CDA2900F569002408B4 /* CarnivalMirror.swift in Sources */ = {isa = PBXBuildFile; fileRef = 85350C6A2900F569002408B4 /* CarnivalMirror.swift */; };
		85350CDB2900F56A002408B4 /* flame.cikernel in Resources */ = {isa = PBXBuildFile; fileRef = 85350C6B2900F569002408B4 /* flame.cikernel */; };
		85350CDC2900F56A002408B4 /* SobelEdgeDetection.swift in Sources */ = {isa = PBXBuildFile; fileRef = 85350C6C2900F569002408B4 /* SobelEdgeDetection.swift */; };
		85350CDD2900F56A002408B4 /* FilmicEffects.swift in Sources */ = {isa = PBXBuildFile; fileRef = 85350C6D2900F569002408B4 /* FilmicEffects.swift */; };
		85350CDE2900F56A002408B4 /* ColorDirectedBlur.swift in Sources */ = {isa = PBXBuildFile; fileRef = 85350C6E2900F569002408B4 /* ColorDirectedBlur.swift */; };
		85350CDF2900F56A002408B4 /* VoronoiNoise.swift in Sources */ = {isa = PBXBuildFile; fileRef = 85350C6F2900F569002408B4 /* VoronoiNoise.swift */; };
		85350CE02900F56A002408B4 /* CompoundEye.swift in Sources */ = {isa = PBXBuildFile; fileRef = 85350C702900F569002408B4 /* CompoundEye.swift */; };
		85350CE12900F56A002408B4 /* CIKL_Sky.swift in Sources */ = {isa = PBXBuildFile; fileRef = 85350C712900F569002408B4 /* CIKL_Sky.swift */; };
		85350CE22900F56A002408B4 /* CRTFilter.swift in Sources */ = {isa = PBXBuildFile; fileRef = 85350C722900F569002408B4 /* CRTFilter.swift */; };
		85350CE32900F56A002408B4 /* ConcentricSineWaves.swift in Sources */ = {isa = PBXBuildFile; fileRef = 85350C732900F569002408B4 /* ConcentricSineWaves.swift */; };
		85350CE42900F56A002408B4 /* TransverseChromaticAberration.swift in Sources */ = {isa = PBXBuildFile; fileRef = 85350C742900F569002408B4 /* TransverseChromaticAberration.swift */; };
		85350CE52900F56A002408B4 /* MetalFilters.swift in Sources */ = {isa = PBXBuildFile; fileRef = 85350C762900F569002408B4 /* MetalFilters.swift */; };
		85350CE62900F56A002408B4 /* Shaders.metal in Sources */ = {isa = PBXBuildFile; fileRef = 85350C772900F569002408B4 /* Shaders.metal */; };
		85350CE72900F56A002408B4 /* EightBit.swift in Sources */ = {isa = PBXBuildFile; fileRef = 85350C782900F569002408B4 /* EightBit.swift */; };
		85350CE82900F56A002408B4 /* DitherBayer.cikernel in Resources */ = {isa = PBXBuildFile; fileRef = 85350C792900F569002408B4 /* DitherBayer.cikernel */; };
		85350CE92900F56A002408B4 /* Flame.swift in Sources */ = {isa = PBXBuildFile; fileRef = 85350C7A2900F569002408B4 /* Flame.swift */; };
		85350CEA2900F56A002408B4 /* LensFlare.swift in Sources */ = {isa = PBXBuildFile; fileRef = 85350C7B2900F569002408B4 /* LensFlare.swift */; };
		85350CEB2900F56A002408B4 /* KuwaharaFilter.swift in Sources */ = {isa = PBXBuildFile; fileRef = 85350C7C2900F569002408B4 /* KuwaharaFilter.swift */; };
		85350CEC2900F56A002408B4 /* ThirdPartyFilters.swift in Sources */ = {isa = PBXBuildFile; fileRef = 85350C7D2900F569002408B4 /* ThirdPartyFilters.swift */; };
		85350CED2900F56A002408B4 /* MercurializeFilter.swift in Sources */ = {isa = PBXBuildFile; fileRef = 85350C7E2900F569002408B4 /* MercurializeFilter.swift */; };
		85350CEE2900F56A002408B4 /* RGBChannelCompositing.swift in Sources */ = {isa = PBXBuildFile; fileRef = 85350C7F2900F569002408B4 /* RGBChannelCompositing.swift */; };
		85350CEF2900F56A002408B4 /* CustomFilters.swift in Sources */ = {isa = PBXBuildFile; fileRef = 85350C802900F569002408B4 /* CustomFilters.swift */; };
		85350CF02900F56A002408B4 /* Scatter.swift in Sources */ = {isa = PBXBuildFile; fileRef = 85350C812900F569002408B4 /* Scatter.swift */; };
		85350CF12900F56A002408B4 /* VImageFilters.swift in Sources */ = {isa = PBXBuildFile; fileRef = 85350C822900F569002408B4 /* VImageFilters.swift */; };
		85350CF22900F56A002408B4 /* Extensions.swift in Sources */ = {isa = PBXBuildFile; fileRef = 85350C842900F569002408B4 /* Extensions.swift */; };
		85350CF32900F56A002408B4 /* OverlayWidgets.swift in Sources */ = {isa = PBXBuildFile; fileRef = 85350C862900F569002408B4 /* OverlayWidgets.swift */; };
		85350CF42900F56A002408B4 /* Assets.swift in Sources */ = {isa = PBXBuildFile; fileRef = 85350C882900F569002408B4 /* Assets.swift */; };
		85350CF52900F56A002408B4 /* sunflower.jpg in Resources */ = {isa = PBXBuildFile; fileRef = 85350C892900F569002408B4 /* sunflower.jpg */; };
		85350CF62900F56A002408B4 /* stop.jpg in Resources */ = {isa = PBXBuildFile; fileRef = 85350C8A2900F569002408B4 /* stop.jpg */; };
		85350CF72900F56A002408B4 /* monalisa.jpg in Resources */ = {isa = PBXBuildFile; fileRef = 85350C8B2900F569002408B4 /* monalisa.jpg */; };
		85350CF82900F56A002408B4 /* Core_Image_for_Swift_title_small.png in Resources */ = {isa = PBXBuildFile; fileRef = 85350C8C2900F569002408B4 /* Core_Image_for_Swift_title_small.png */; };
		85350CF92900F56A002408B4 /* screenshot.jpg in Resources */ = {isa = PBXBuildFile; fileRef = 85350C8D2900F569002408B4 /* screenshot.jpg */; };
		85350CFA2900F56A002408B4 /* transverse_chromatic_aberration.png in Resources */ = {isa = PBXBuildFile; fileRef = 85350C8E2900F569002408B4 /* transverse_chromatic_aberration.png */; };
		85350CFB2900F56A002408B4 /* coffeecup.jpg in Resources */ = {isa = PBXBuildFile; fileRef = 85350C8F2900F569002408B4 /* coffeecup.jpg */; };
		85350CFC2900F56A002408B4 /* vegas.jpg in Resources */ = {isa = PBXBuildFile; fileRef = 85350C902900F569002408B4 /* vegas.jpg */; };
		85350CFD2900F56A002408B4 /* advanced_monochrome.png in Resources */ = {isa = PBXBuildFile; fileRef = 85350C922900F569002408B4 /* advanced_monochrome.png */; };
		85350CFE2900F56A002408B4 /* normal_map.png in Resources */ = {isa = PBXBuildFile; fileRef = 85350C932900F569002408B4 /* normal_map.png */; };
		85350CFF2900F56A002408B4 /* metal_perlin_noise.png in Resources */ = {isa = PBXBuildFile; fileRef = 85350C942900F569002408B4 /* metal_perlin_noise.png */; };
		85350D002900F56A002408B4 /* polar_pixellate.png in Resources */ = {isa = PBXBuildFile; fileRef = 85350C952900F569002408B4 /* polar_pixellate.png */; };
		85350D012900F56A002408B4 /* smooth_threshold.png in Resources */ = {isa = PBXBuildFile; fileRef = 85350C962900F569002408B4 /* smooth_threshold.png */; };
		85350D022900F56A002408B4 /* starburst.png in Resources */ = {isa = PBXBuildFile; fileRef = 85350C972900F569002408B4 /* starburst.png */; };
		85350D032900F56A002408B4 /* histogram_specification.png in Resources */ = {isa = PBXBuildFile; fileRef = 85350C982900F569002408B4 /* histogram_specification.png */; };
		85350D042900F56A002408B4 /* compound_eye.png in Resources */ = {isa = PBXBuildFile; fileRef = 85350C992900F569002408B4 /* compound_eye.png */; };
		85350D052900F56A002408B4 /* variable_circular_bokeh.png in Resources */ = {isa = PBXBuildFile; fileRef = 85350C9A2900F569002408B4 /* variable_circular_bokeh.png */; };
		85350D062900F56A002408B4 /* color_from_temperature.png in Resources */ = {isa = PBXBuildFile; fileRef = 85350C9B2900F569002408B4 /* color_from_temperature.png */; };
		85350D072900F56A002408B4 /* eight_bit.png in Resources */ = {isa = PBXBuildFile; fileRef = 85350C9C2900F569002408B4 /* eight_bit.png */; };
		85350D082900F56A002408B4 /* carnival_mirror.png in Resources */ = {isa = PBXBuildFile; fileRef = 85350C9D2900F569002408B4 /* carnival_mirror.png */; };
		85350D092900F56A002408B4 /* pseudo_color.png in Resources */ = {isa = PBXBuildFile; fileRef = 85350C9E2900F569002408B4 /* pseudo_color.png */; };
		85350D0A2900F56A002408B4 /* color_directed_blur.png in Resources */ = {isa = PBXBuildFile; fileRef = 85350C9F2900F569002408B4 /* color_directed_blur.png */; };
		85350D0B2900F56A002408B4 /* difference_of_gaussians.png in Resources */ = {isa = PBXBuildFile; fileRef = 85350CA02900F569002408B4 /* difference_of_gaussians.png */; };
		85350D0C2900F56A002408B4 /* refracted_text.png in Resources */ = {isa = PBXBuildFile; fileRef = 85350CA12900F569002408B4 /* refracted_text.png */; };
		85350D0D2900F56A002408B4 /* circular_bokeh.jpg in Resources */ = {isa = PBXBuildFile; fileRef = 85350CA22900F569002408B4 /* circular_bokeh.jpg */; };
		85350D0E2900F56A002408B4 /* bokeh.png in Resources */ = {isa = PBXBuildFile; fileRef = 85350CA32900F569002408B4 /* bokeh.png */; };
		85350D0F2900F56A002408B4 /* rgb_brightness_contast.png in Resources */ = {isa = PBXBuildFile; fileRef = 85350CA42900F569002408B4 /* rgb_brightness_contast.png */; };
		85350D102900F56A002408B4 /* threshold.png in Resources */ = {isa = PBXBuildFile; fileRef = 85350CA52900F569002408B4 /* threshold.png */; };
		85350D112900F56A002408B4 /* color_scalar_noise.png in Resources */ = {isa = PBXBuildFile; fileRef = 85350CA62900F569002408B4 /* color_scalar_noise.png */; };
		85350D122900F56A002408B4 /* chromatic_abberation.png in Resources */ = {isa = PBXBuildFile; fileRef = 85350CA72900F569002408B4 /* chromatic_abberation.png */; };
		85350D132900F56A002408B4 /* simple_sky.png in Resources */ = {isa = PBXBuildFile; fileRef = 85350CA82900F569002408B4 /* simple_sky.png */; };
		85350D142900F56A002408B4 /* rgb_gaussian_blur.png in Resources */ = {isa = PBXBuildFile; fileRef = 85350CA92900F569002408B4 /* rgb_gaussian_blur.png */; };
		85350D152900F56A002408B4 /* vhs_tracking_lines.png in Resources */ = {isa = PBXBuildFile; fileRef = 85350CAA2900F569002408B4 /* vhs_tracking_lines.png */; };
		85350D162900F56A002408B4 /* metal_pixellate.png in Resources */ = {isa = PBXBuildFile; fileRef = 85350CAB2900F569002408B4 /* metal_pixellate.png */; };
		85350D172900F56A002408B4 /* simple_plasma.jpg in Resources */ = {isa = PBXBuildFile; fileRef = 85350CAC2900F569002408B4 /* simple_plasma.jpg */; };
		85350D182900F56A002408B4 /* cmyk_tone_curve.png in Resources */ = {isa = PBXBuildFile; fileRef = 85350CAD2900F569002408B4 /* cmyk_tone_curve.png */; };
		85350D192900F56A002408B4 /* caustic_refraction.png in Resources */ = {isa = PBXBuildFile; fileRef = 85350CAE2900F569002408B4 /* caustic_refraction.png */; };
		85350D1A2900F56A002408B4 /* rgb_compositing.png in Resources */ = {isa = PBXBuildFile; fileRef = 85350CAF2900F569002408B4 /* rgb_compositing.png */; };
		85350D1B2900F56A002408B4 /* homogeneous_color_blur.jpg in Resources */ = {isa = PBXBuildFile; fileRef = 85350CB02900F569002408B4 /* homogeneous_color_blur.jpg */; };
		85350D1C2900F56A002408B4 /* mercurialize.png in Resources */ = {isa = PBXBuildFile; fileRef = 85350CB12900F569002408B4 /* mercurialize.png */; };
		85350D1D2900F56A002408B4 /* flame.jpg in Resources */ = {isa = PBXBuildFile; fileRef = 85350CB22900F569002408B4 /* flame.jpg */; };
		85350D1E2900F56A002408B4 /* equalization.png in Resources */ = {isa = PBXBuildFile; fileRef = 85350CB32900F569002408B4 /* equalization.png */; };
		85350D1F2900F56A002408B4 /* variable_hexagonal_bokeh.png in Resources */ = {isa = PBXBuildFile; fileRef = 85350CB42900F569002408B4 /* variable_hexagonal_bokeh.png */; };
		85350D202900F56A002408B4 /* technocolor.png in Resources */ = {isa = PBXBuildFile; fileRef = 85350CB52900F569002408B4 /* technocolor.png */; };
		85350D212900F56A002408B4 /* threshold_to_alpha.png in Resources */ = {isa = PBXBuildFile; fileRef = 85350CB62900F569002408B4 /* threshold_to_alpha.png */; };
		85350D222900F56A002408B4 /* sky_generator.png in Resources */ = {isa = PBXBuildFile; fileRef = 85350CB72900F569002408B4 /* sky_generator.png */; };
		85350D232900F56A002408B4 /* 5x5_sobel.png in Resources */ = {isa = PBXBuildFile; fileRef = 85350CB82900F569002408B4 /* 5x5_sobel.png */; };
		85350D242900F56A002408B4 /* contrast_stretch.png in Resources */ = {isa = PBXBuildFile; fileRef = 85350CB92900F569002408B4 /* contrast_stretch.png */; };
		85350D252900F56A002408B4 /* kuwahara.png in Resources */ = {isa = PBXBuildFile; fileRef = 85350CBA2900F569002408B4 /* kuwahara.png */; };
		85350D262900F56A002408B4 /* voronoi.png in Resources */ = {isa = PBXBuildFile; fileRef = 85350CBB2900F569002408B4 /* voronoi.png */; };
		85350D272900F56A002408B4 /* cmyk_levels.png in Resources */ = {isa = PBXBuildFile; fileRef = 85350CBC2900F569002408B4 /* cmyk_levels.png */; };
		85350D282900F56A002408B4 /* bleach_bypass.png in Resources */ = {isa = PBXBuildFile; fileRef = 85350CBD2900F569002408B4 /* bleach_bypass.png */; };
		85350D292900F56A002408B4 /* concentric_sine_waves.jpg in Resources */ = {isa = PBXBuildFile; fileRef = 85350CBE2900F569002408B4 /* concentric_sine_waves.jpg */; };
		85350D2A2900F56A002408B4 /* lens_flare.png in Resources */ = {isa = PBXBuildFile; fileRef = 85350CBF2900F569002408B4 /* lens_flare.png */; };
		85350D2B2900F56A002408B4 /* scatter.jpg in Resources */ = {isa = PBXBuildFile; fileRef = 85350CC02900F569002408B4 /* scatter.jpg */; };
		85350D2C2900F56A002408B4 /* crt.png in Resources */ = {isa = PBXBuildFile; fileRef = 85350CC12900F569002408B4 /* crt.png */; };
		85350D2D2900F56A002408B4 /* 3x3_sobel.png in Resources */ = {isa = PBXBuildFile; fileRef = 85350CC22900F569002408B4 /* 3x3_sobel.png */; };
		85350D2E2900F56A002408B4 /* cmyk_registration_mismatch.png in Resources */ = {isa = PBXBuildFile; fileRef = 85350CC32900F569002408B4 /* cmyk_registration_mismatch.png */; };
		85350D2F2900F56A002408B4 /* multi_band_hsv.png in Resources */ = {isa = PBXBuildFile; fileRef = 85350CC42900F569002408B4 /* multi_band_hsv.png */; };
		85350D302900F56A002408B4 /* caustic_noise.png in Resources */ = {isa = PBXBuildFile; fileRef = 85350CC52900F569002408B4 /* caustic_noise.png */; };
		85350D312900F56A002408B4 /* rgb_one_curve.png in Resources */ = {isa = PBXBuildFile; fileRef = 85350CC62900F569002408B4 /* rgb_one_curve.png */; };
		85350D322900F56A002408B4 /* sunset.jpg in Resources */ = {isa = PBXBuildFile; fileRef = 85350CC72900F569002408B4 /* sunset.jpg */; };
		85350D332900F56A002408B4 /* carMascot.jpg in Resources */ = {isa = PBXBuildFile; fileRef = 85350CC82900F569002408B4 /* carMascot.jpg */; };
		85350D342900F56A002408B4 /* VectorSlider.swift in Sources */ = {isa = PBXBuildFile; fileRef = 85350CCA2900F569002408B4 /* VectorSlider.swift */; };
		85350D352900F56A002408B4 /* HistogramDisplay.swift in Sources */ = {isa = PBXBuildFile; fileRef = 85350CCB2900F569002408B4 /* HistogramDisplay.swift */; };
		85350D362900F56A002408B4 /* CompositeOverBlackFilter.swift in Sources */ = {isa = PBXBuildFile; fileRef = 85350CCC2900F569002408B4 /* CompositeOverBlackFilter.swift */; };
		85350D372900F56A002408B4 /* LabelledSlider.swift in Sources */ = {isa = PBXBuildFile; fileRef = 85350CCD2900F569002408B4 /* LabelledSlider.swift */; };
		85350D382900F56A002408B4 /* FilterInputItemRenderer.swift in Sources */ = {isa = PBXBuildFile; fileRef = 85350CCE2900F569002408B4 /* FilterInputItemRenderer.swift */; };
		85350D392900F56A002408B4 /* FilterNavigator.swift in Sources */ = {isa = PBXBuildFile; fileRef = 85350CCF2900F569002408B4 /* FilterNavigator.swift */; };
		85350D3A2900F56A002408B4 /* FilterDetail.swift in Sources */ = {isa = PBXBuildFile; fileRef = 85350CD02900F569002408B4 /* FilterDetail.swift */; };
		85350D3C2900F7FA002408B4 /* UIView+Frame.swift in Sources */ = {isa = PBXBuildFile; fileRef = 85350D3B2900F7FA002408B4 /* UIView+Frame.swift */; };
/* End PBXBuildFile section */

/* Begin PBXFileReference section */
		85350C492900F4E1002408B4 /* Filterpedia.app */ = {isa = PBXFileReference; explicitFileType = wrapper.application; includeInIndex = 0; path = Filterpedia.app; sourceTree = BUILT_PRODUCTS_DIR; };
		85350C4C2900F4E1002408B4 /* AppDelegate.swift */ = {isa = PBXFileReference; lastKnownFileType = sourcecode.swift; path = AppDelegate.swift; sourceTree = "<group>"; };
		85350C502900F4E1002408B4 /* ViewController.swift */ = {isa = PBXFileReference; lastKnownFileType = sourcecode.swift; path = ViewController.swift; sourceTree = "<group>"; };
		85350C532900F4E1002408B4 /* Base */ = {isa = PBXFileReference; lastKnownFileType = file.storyboard; name = Base; path = Base.lproj/Main.storyboard; sourceTree = "<group>"; };
		85350C552900F4E3002408B4 /* Assets.xcassets */ = {isa = PBXFileReference; lastKnownFileType = folder.assetcatalog; path = Assets.xcassets; sourceTree = "<group>"; };
		85350C582900F4E3002408B4 /* Base */ = {isa = PBXFileReference; lastKnownFileType = file.storyboard; name = Base; path = Base.lproj/LaunchScreen.storyboard; sourceTree = "<group>"; };
		85350C5A2900F4E3002408B4 /* Info.plist */ = {isa = PBXFileReference; lastKnownFileType = text.plist.xml; path = Info.plist; sourceTree = "<group>"; };
		85350C612900F569002408B4 /* CMYKRegistrationMismatch.swift */ = {isa = PBXFileReference; fileEncoding = 4; lastKnownFileType = sourcecode.swift; path = CMYKRegistrationMismatch.swift; sourceTree = "<group>"; };
		85350C622900F569002408B4 /* RefractedTextFilter.swift */ = {isa = PBXFileReference; fileEncoding = 4; lastKnownFileType = sourcecode.swift; path = RefractedTextFilter.swift; sourceTree = "<group>"; };
		85350C632900F569002408B4 /* MultiBandHSV.swift */ = {isa = PBXFileReference; fileEncoding = 4; lastKnownFileType = sourcecode.swift; path = MultiBandHSV.swift; sourceTree = "<group>"; };
		85350C642900F569002408B4 /* SimplePlasma.swift */ = {isa = PBXFileReference; fileEncoding = 4; lastKnownFileType = sourcecode.swift; path = SimplePlasma.swift; sourceTree = "<group>"; };
		85350C652900F569002408B4 /* Voronoi.cikernel */ = {isa = PBXFileReference; fileEncoding = 4; lastKnownFileType = text; path = Voronoi.cikernel; sourceTree = "<group>"; };
		85350C662900F569002408B4 /* cikl_sky.cikernel */ = {isa = PBXFileReference; fileEncoding = 4; lastKnownFileType = text; path = cikl_sky.cikernel; sourceTree = "<group>"; };
		85350C672900F569002408B4 /* Bokeh.swift */ = {isa = PBXFileReference; fileEncoding = 4; lastKnownFileType = sourcecode.swift; path = Bokeh.swift; sourceTree = "<group>"; };
		85350C682900F569002408B4 /* CausticRefraction.swift */ = {isa = PBXFileReference; fileEncoding = 4; lastKnownFileType = sourcecode.swift; path = CausticRefraction.swift; sourceTree = "<group>"; };
		85350C692900F569002408B4 /* ModelIOGenerators.swift */ = {isa = PBXFileReference; fileEncoding = 4; lastKnownFileType = sourcecode.swift; path = ModelIOGenerators.swift; sourceTree = "<group>"; };
		85350C6A2900F569002408B4 /* CarnivalMirror.swift */ = {isa = PBXFileReference; fileEncoding = 4; lastKnownFileType = sourcecode.swift; path = CarnivalMirror.swift; sourceTree = "<group>"; };
		85350C6B2900F569002408B4 /* flame.cikernel */ = {isa = PBXFileReference; fileEncoding = 4; lastKnownFileType = text; path = flame.cikernel; sourceTree = "<group>"; };
		85350C6C2900F569002408B4 /* SobelEdgeDetection.swift */ = {isa = PBXFileReference; fileEncoding = 4; lastKnownFileType = sourcecode.swift; path = SobelEdgeDetection.swift; sourceTree = "<group>"; };
		85350C6D2900F569002408B4 /* FilmicEffects.swift */ = {isa = PBXFileReference; fileEncoding = 4; lastKnownFileType = sourcecode.swift; path = FilmicEffects.swift; sourceTree = "<group>"; };
		85350C6E2900F569002408B4 /* ColorDirectedBlur.swift */ = {isa = PBXFileReference; fileEncoding = 4; lastKnownFileType = sourcecode.swift; path = ColorDirectedBlur.swift; sourceTree = "<group>"; };
		85350C6F2900F569002408B4 /* VoronoiNoise.swift */ = {isa = PBXFileReference; fileEncoding = 4; lastKnownFileType = sourcecode.swift; path = VoronoiNoise.swift; sourceTree = "<group>"; };
		85350C702900F569002408B4 /* CompoundEye.swift */ = {isa = PBXFileReference; fileEncoding = 4; lastKnownFileType = sourcecode.swift; path = CompoundEye.swift; sourceTree = "<group>"; };
		85350C712900F569002408B4 /* CIKL_Sky.swift */ = {isa = PBXFileReference; fileEncoding = 4; lastKnownFileType = sourcecode.swift; path = CIKL_Sky.swift; sourceTree = "<group>"; };
		85350C722900F569002408B4 /* CRTFilter.swift */ = {isa = PBXFileReference; fileEncoding = 4; lastKnownFileType = sourcecode.swift; path = CRTFilter.swift; sourceTree = "<group>"; };
		85350C732900F569002408B4 /* ConcentricSineWaves.swift */ = {isa = PBXFileReference; fileEncoding = 4; lastKnownFileType = sourcecode.swift; path = ConcentricSineWaves.swift; sourceTree = "<group>"; };
		85350C742900F569002408B4 /* TransverseChromaticAberration.swift */ = {isa = PBXFileReference; fileEncoding = 4; lastKnownFileType = sourcecode.swift; path = TransverseChromaticAberration.swift; sourceTree = "<group>"; };
		85350C762900F569002408B4 /* MetalFilters.swift */ = {isa = PBXFileReference; fileEncoding = 4; lastKnownFileType = sourcecode.swift; path = MetalFilters.swift; sourceTree = "<group>"; };
		85350C772900F569002408B4 /* Shaders.metal */ = {isa = PBXFileReference; fileEncoding = 4; lastKnownFileType = sourcecode.metal; path = Shaders.metal; sourceTree = "<group>"; };
		85350C782900F569002408B4 /* EightBit.swift */ = {isa = PBXFileReference; fileEncoding = 4; lastKnownFileType = sourcecode.swift; path = EightBit.swift; sourceTree = "<group>"; };
		85350C792900F569002408B4 /* DitherBayer.cikernel */ = {isa = PBXFileReference; fileEncoding = 4; lastKnownFileType = text; path = DitherBayer.cikernel; sourceTree = "<group>"; };
		85350C7A2900F569002408B4 /* Flame.swift */ = {isa = PBXFileReference; fileEncoding = 4; lastKnownFileType = sourcecode.swift; path = Flame.swift; sourceTree = "<group>"; };
		85350C7B2900F569002408B4 /* LensFlare.swift */ = {isa = PBXFileReference; fileEncoding = 4; lastKnownFileType = sourcecode.swift; path = LensFlare.swift; sourceTree = "<group>"; };
		85350C7C2900F569002408B4 /* KuwaharaFilter.swift */ = {isa = PBXFileReference; fileEncoding = 4; lastKnownFileType = sourcecode.swift; path = KuwaharaFilter.swift; sourceTree = "<group>"; };
		85350C7D2900F569002408B4 /* ThirdPartyFilters.swift */ = {isa = PBXFileReference; fileEncoding = 4; lastKnownFileType = sourcecode.swift; path = ThirdPartyFilters.swift; sourceTree = "<group>"; };
		85350C7E2900F569002408B4 /* MercurializeFilter.swift */ = {isa = PBXFileReference; fileEncoding = 4; lastKnownFileType = sourcecode.swift; path = MercurializeFilter.swift; sourceTree = "<group>"; };
		85350C7F2900F569002408B4 /* RGBChannelCompositing.swift */ = {isa = PBXFileReference; fileEncoding = 4; lastKnownFileType = sourcecode.swift; path = RGBChannelCompositing.swift; sourceTree = "<group>"; };
		85350C802900F569002408B4 /* CustomFilters.swift */ = {isa = PBXFileReference; fileEncoding = 4; lastKnownFileType = sourcecode.swift; path = CustomFilters.swift; sourceTree = "<group>"; };
		85350C812900F569002408B4 /* Scatter.swift */ = {isa = PBXFileReference; fileEncoding = 4; lastKnownFileType = sourcecode.swift; path = Scatter.swift; sourceTree = "<group>"; };
		85350C822900F569002408B4 /* VImageFilters.swift */ = {isa = PBXFileReference; fileEncoding = 4; lastKnownFileType = sourcecode.swift; path = VImageFilters.swift; sourceTree = "<group>"; };
		85350C842900F569002408B4 /* Extensions.swift */ = {isa = PBXFileReference; fileEncoding = 4; lastKnownFileType = sourcecode.swift; path = Extensions.swift; sourceTree = "<group>"; };
		85350C862900F569002408B4 /* OverlayWidgets.swift */ = {isa = PBXFileReference; fileEncoding = 4; lastKnownFileType = sourcecode.swift; path = OverlayWidgets.swift; sourceTree = "<group>"; };
		85350C882900F569002408B4 /* Assets.swift */ = {isa = PBXFileReference; fileEncoding = 4; lastKnownFileType = sourcecode.swift; path = Assets.swift; sourceTree = "<group>"; };
		85350C892900F569002408B4 /* sunflower.jpg */ = {isa = PBXFileReference; lastKnownFileType = image.jpeg; path = sunflower.jpg; sourceTree = "<group>"; };
		85350C8A2900F569002408B4 /* stop.jpg */ = {isa = PBXFileReference; lastKnownFileType = image.jpeg; path = stop.jpg; sourceTree = "<group>"; };
		85350C8B2900F569002408B4 /* monalisa.jpg */ = {isa = PBXFileReference; lastKnownFileType = image.jpeg; path = monalisa.jpg; sourceTree = "<group>"; };
		85350C8C2900F569002408B4 /* Core_Image_for_Swift_title_small.png */ = {isa = PBXFileReference; lastKnownFileType = image.png; path = Core_Image_for_Swift_title_small.png; sourceTree = "<group>"; };
		85350C8D2900F569002408B4 /* screenshot.jpg */ = {isa = PBXFileReference; lastKnownFileType = image.jpeg; path = screenshot.jpg; sourceTree = "<group>"; };
		85350C8E2900F569002408B4 /* transverse_chromatic_aberration.png */ = {isa = PBXFileReference; lastKnownFileType = image.png; path = transverse_chromatic_aberration.png; sourceTree = "<group>"; };
		85350C8F2900F569002408B4 /* coffeecup.jpg */ = {isa = PBXFileReference; lastKnownFileType = image.jpeg; path = coffeecup.jpg; sourceTree = "<group>"; };
		85350C902900F569002408B4 /* vegas.jpg */ = {isa = PBXFileReference; lastKnownFileType = image.jpeg; path = vegas.jpg; sourceTree = "<group>"; };
		85350C922900F569002408B4 /* advanced_monochrome.png */ = {isa = PBXFileReference; lastKnownFileType = image.png; path = advanced_monochrome.png; sourceTree = "<group>"; };
		85350C932900F569002408B4 /* normal_map.png */ = {isa = PBXFileReference; lastKnownFileType = image.png; path = normal_map.png; sourceTree = "<group>"; };
		85350C942900F569002408B4 /* metal_perlin_noise.png */ = {isa = PBXFileReference; lastKnownFileType = image.png; path = metal_perlin_noise.png; sourceTree = "<group>"; };
		85350C952900F569002408B4 /* polar_pixellate.png */ = {isa = PBXFileReference; lastKnownFileType = image.png; path = polar_pixellate.png; sourceTree = "<group>"; };
		85350C962900F569002408B4 /* smooth_threshold.png */ = {isa = PBXFileReference; lastKnownFileType = image.png; path = smooth_threshold.png; sourceTree = "<group>"; };
		85350C972900F569002408B4 /* starburst.png */ = {isa = PBXFileReference; lastKnownFileType = image.png; path = starburst.png; sourceTree = "<group>"; };
		85350C982900F569002408B4 /* histogram_specification.png */ = {isa = PBXFileReference; lastKnownFileType = image.png; path = histogram_specification.png; sourceTree = "<group>"; };
		85350C992900F569002408B4 /* compound_eye.png */ = {isa = PBXFileReference; lastKnownFileType = image.png; path = compound_eye.png; sourceTree = "<group>"; };
		85350C9A2900F569002408B4 /* variable_circular_bokeh.png */ = {isa = PBXFileReference; lastKnownFileType = image.png; path = variable_circular_bokeh.png; sourceTree = "<group>"; };
		85350C9B2900F569002408B4 /* color_from_temperature.png */ = {isa = PBXFileReference; lastKnownFileType = image.png; path = color_from_temperature.png; sourceTree = "<group>"; };
		85350C9C2900F569002408B4 /* eight_bit.png */ = {isa = PBXFileReference; lastKnownFileType = image.png; path = eight_bit.png; sourceTree = "<group>"; };
		85350C9D2900F569002408B4 /* carnival_mirror.png */ = {isa = PBXFileReference; lastKnownFileType = image.png; path = carnival_mirror.png; sourceTree = "<group>"; };
		85350C9E2900F569002408B4 /* pseudo_color.png */ = {isa = PBXFileReference; lastKnownFileType = image.png; path = pseudo_color.png; sourceTree = "<group>"; };
		85350C9F2900F569002408B4 /* color_directed_blur.png */ = {isa = PBXFileReference; lastKnownFileType = image.png; path = color_directed_blur.png; sourceTree = "<group>"; };
		85350CA02900F569002408B4 /* difference_of_gaussians.png */ = {isa = PBXFileReference; lastKnownFileType = image.png; path = difference_of_gaussians.png; sourceTree = "<group>"; };
		85350CA12900F569002408B4 /* refracted_text.png */ = {isa = PBXFileReference; lastKnownFileType = image.png; path = refracted_text.png; sourceTree = "<group>"; };
		85350CA22900F569002408B4 /* circular_bokeh.jpg */ = {isa = PBXFileReference; lastKnownFileType = image.jpeg; path = circular_bokeh.jpg; sourceTree = "<group>"; };
		85350CA32900F569002408B4 /* bokeh.png */ = {isa = PBXFileReference; lastKnownFileType = image.png; path = bokeh.png; sourceTree = "<group>"; };
		85350CA42900F569002408B4 /* rgb_brightness_contast.png */ = {isa = PBXFileReference; lastKnownFileType = image.png; path = rgb_brightness_contast.png; sourceTree = "<group>"; };
		85350CA52900F569002408B4 /* threshold.png */ = {isa = PBXFileReference; lastKnownFileType = image.png; path = threshold.png; sourceTree = "<group>"; };
		85350CA62900F569002408B4 /* color_scalar_noise.png */ = {isa = PBXFileReference; lastKnownFileType = image.png; path = color_scalar_noise.png; sourceTree = "<group>"; };
		85350CA72900F569002408B4 /* chromatic_abberation.png */ = {isa = PBXFileReference; lastKnownFileType = image.png; path = chromatic_abberation.png; sourceTree = "<group>"; };
		85350CA82900F569002408B4 /* simple_sky.png */ = {isa = PBXFileReference; lastKnownFileType = image.png; path = simple_sky.png; sourceTree = "<group>"; };
		85350CA92900F569002408B4 /* rgb_gaussian_blur.png */ = {isa = PBXFileReference; lastKnownFileType = image.png; path = rgb_gaussian_blur.png; sourceTree = "<group>"; };
		85350CAA2900F569002408B4 /* vhs_tracking_lines.png */ = {isa = PBXFileReference; lastKnownFileType = image.png; path = vhs_tracking_lines.png; sourceTree = "<group>"; };
		85350CAB2900F569002408B4 /* metal_pixellate.png */ = {isa = PBXFileReference; lastKnownFileType = image.png; path = metal_pixellate.png; sourceTree = "<group>"; };
		85350CAC2900F569002408B4 /* simple_plasma.jpg */ = {isa = PBXFileReference; lastKnownFileType = image.jpeg; path = simple_plasma.jpg; sourceTree = "<group>"; };
		85350CAD2900F569002408B4 /* cmyk_tone_curve.png */ = {isa = PBXFileReference; lastKnownFileType = image.png; path = cmyk_tone_curve.png; sourceTree = "<group>"; };
		85350CAE2900F569002408B4 /* caustic_refraction.png */ = {isa = PBXFileReference; lastKnownFileType = image.png; path = caustic_refraction.png; sourceTree = "<group>"; };
		85350CAF2900F569002408B4 /* rgb_compositing.png */ = {isa = PBXFileReference; lastKnownFileType = image.png; path = rgb_compositing.png; sourceTree = "<group>"; };
		85350CB02900F569002408B4 /* homogeneous_color_blur.jpg */ = {isa = PBXFileReference; lastKnownFileType = image.jpeg; path = homogeneous_color_blur.jpg; sourceTree = "<group>"; };
		85350CB12900F569002408B4 /* mercurialize.png */ = {isa = PBXFileReference; lastKnownFileType = image.png; path = mercurialize.png; sourceTree = "<group>"; };
		85350CB22900F569002408B4 /* flame.jpg */ = {isa = PBXFileReference; lastKnownFileType = image.jpeg; path = flame.jpg; sourceTree = "<group>"; };
		85350CB32900F569002408B4 /* equalization.png */ = {isa = PBXFileReference; lastKnownFileType = image.png; path = equalization.png; sourceTree = "<group>"; };
		85350CB42900F569002408B4 /* variable_hexagonal_bokeh.png */ = {isa = PBXFileReference; lastKnownFileType = image.png; path = variable_hexagonal_bokeh.png; sourceTree = "<group>"; };
		85350CB52900F569002408B4 /* technocolor.png */ = {isa = PBXFileReference; lastKnownFileType = image.png; path = technocolor.png; sourceTree = "<group>"; };
		85350CB62900F569002408B4 /* threshold_to_alpha.png */ = {isa = PBXFileReference; lastKnownFileType = image.png; path = threshold_to_alpha.png; sourceTree = "<group>"; };
		85350CB72900F569002408B4 /* sky_generator.png */ = {isa = PBXFileReference; lastKnownFileType = image.png; path = sky_generator.png; sourceTree = "<group>"; };
		85350CB82900F569002408B4 /* 5x5_sobel.png */ = {isa = PBXFileReference; lastKnownFileType = image.png; path = 5x5_sobel.png; sourceTree = "<group>"; };
		85350CB92900F569002408B4 /* contrast_stretch.png */ = {isa = PBXFileReference; lastKnownFileType = image.png; path = contrast_stretch.png; sourceTree = "<group>"; };
		85350CBA2900F569002408B4 /* kuwahara.png */ = {isa = PBXFileReference; lastKnownFileType = image.png; path = kuwahara.png; sourceTree = "<group>"; };
		85350CBB2900F569002408B4 /* voronoi.png */ = {isa = PBXFileReference; lastKnownFileType = image.png; path = voronoi.png; sourceTree = "<group>"; };
		85350CBC2900F569002408B4 /* cmyk_levels.png */ = {isa = PBXFileReference; lastKnownFileType = image.png; path = cmyk_levels.png; sourceTree = "<group>"; };
		85350CBD2900F569002408B4 /* bleach_bypass.png */ = {isa = PBXFileReference; lastKnownFileType = image.png; path = bleach_bypass.png; sourceTree = "<group>"; };
		85350CBE2900F569002408B4 /* concentric_sine_waves.jpg */ = {isa = PBXFileReference; lastKnownFileType = image.jpeg; path = concentric_sine_waves.jpg; sourceTree = "<group>"; };
		85350CBF2900F569002408B4 /* lens_flare.png */ = {isa = PBXFileReference; lastKnownFileType = image.png; path = lens_flare.png; sourceTree = "<group>"; };
		85350CC02900F569002408B4 /* scatter.jpg */ = {isa = PBXFileReference; lastKnownFileType = image.jpeg; path = scatter.jpg; sourceTree = "<group>"; };
		85350CC12900F569002408B4 /* crt.png */ = {isa = PBXFileReference; lastKnownFileType = image.png; path = crt.png; sourceTree = "<group>"; };
		85350CC22900F569002408B4 /* 3x3_sobel.png */ = {isa = PBXFileReference; lastKnownFileType = image.png; path = 3x3_sobel.png; sourceTree = "<group>"; };
		85350CC32900F569002408B4 /* cmyk_registration_mismatch.png */ = {isa = PBXFileReference; lastKnownFileType = image.png; path = cmyk_registration_mismatch.png; sourceTree = "<group>"; };
		85350CC42900F569002408B4 /* multi_band_hsv.png */ = {isa = PBXFileReference; lastKnownFileType = image.png; path = multi_band_hsv.png; sourceTree = "<group>"; };
		85350CC52900F569002408B4 /* caustic_noise.png */ = {isa = PBXFileReference; lastKnownFileType = image.png; path = caustic_noise.png; sourceTree = "<group>"; };
		85350CC62900F569002408B4 /* rgb_one_curve.png */ = {isa = PBXFileReference; lastKnownFileType = image.png; path = rgb_one_curve.png; sourceTree = "<group>"; };
		85350CC72900F569002408B4 /* sunset.jpg */ = {isa = PBXFileReference; lastKnownFileType = image.jpeg; path = sunset.jpg; sourceTree = "<group>"; };
		85350CC82900F569002408B4 /* carMascot.jpg */ = {isa = PBXFileReference; lastKnownFileType = image.jpeg; path = carMascot.jpg; sourceTree = "<group>"; };
		85350CCA2900F569002408B4 /* VectorSlider.swift */ = {isa = PBXFileReference; fileEncoding = 4; lastKnownFileType = sourcecode.swift; path = VectorSlider.swift; sourceTree = "<group>"; };
		85350CCB2900F569002408B4 /* HistogramDisplay.swift */ = {isa = PBXFileReference; fileEncoding = 4; lastKnownFileType = sourcecode.swift; path = HistogramDisplay.swift; sourceTree = "<group>"; };
		85350CCC2900F569002408B4 /* CompositeOverBlackFilter.swift */ = {isa = PBXFileReference; fileEncoding = 4; lastKnownFileType = sourcecode.swift; path = CompositeOverBlackFilter.swift; sourceTree = "<group>"; };
		85350CCD2900F569002408B4 /* LabelledSlider.swift */ = {isa = PBXFileReference; fileEncoding = 4; lastKnownFileType = sourcecode.swift; path = LabelledSlider.swift; sourceTree = "<group>"; };
		85350CCE2900F569002408B4 /* FilterInputItemRenderer.swift */ = {isa = PBXFileReference; fileEncoding = 4; lastKnownFileType = sourcecode.swift; path = FilterInputItemRenderer.swift; sourceTree = "<group>"; };
		85350CCF2900F569002408B4 /* FilterNavigator.swift */ = {isa = PBXFileReference; fileEncoding = 4; lastKnownFileType = sourcecode.swift; path = FilterNavigator.swift; sourceTree = "<group>"; };
		85350CD02900F569002408B4 /* FilterDetail.swift */ = {isa = PBXFileReference; fileEncoding = 4; lastKnownFileType = sourcecode.swift; path = FilterDetail.swift; sourceTree = "<group>"; };
		85350D3B2900F7FA002408B4 /* UIView+Frame.swift */ = {isa = PBXFileReference; fileEncoding = 4; lastKnownFileType = sourcecode.swift; path = "UIView+Frame.swift"; sourceTree = "<group>"; };
/* End PBXFileReference section */

/* Begin PBXFrameworksBuildPhase section */
		85350C462900F4E1002408B4 /* Frameworks */ = {
			isa = PBXFrameworksBuildPhase;
			buildActionMask = 2147483647;
			files = (
			);
			runOnlyForDeploymentPostprocessing = 0;
		};
/* End PBXFrameworksBuildPhase section */

/* Begin PBXGroup section */
		85350C402900F4E1002408B4 = {
			isa = PBXGroup;
			children = (
				85350C4B2900F4E1002408B4 /* Filterpedia */,
				85350C4A2900F4E1002408B4 /* Products */,
			);
			sourceTree = "<group>";
		};
		85350C4A2900F4E1002408B4 /* Products */ = {
			isa = PBXGroup;
			children = (
				85350C492900F4E1002408B4 /* Filterpedia.app */,
			);
			name = Products;
			sourceTree = "<group>";
		};
		85350C4B2900F4E1002408B4 /* Filterpedia */ = {
			isa = PBXGroup;
			children = (
				85350C832900F569002408B4 /* extensions */,
				85350C872900F569002408B4 /* assets */,
				85350CC92900F569002408B4 /* components */,
				85350C602900F569002408B4 /* customFilters */,
				85350C852900F569002408B4 /* overlayWidgets */,
				85350C4C2900F4E1002408B4 /* AppDelegate.swift */,
				85350C502900F4E1002408B4 /* ViewController.swift */,
				85350D3B2900F7FA002408B4 /* UIView+Frame.swift */,
				85350C522900F4E1002408B4 /* Main.storyboard */,
				85350C552900F4E3002408B4 /* Assets.xcassets */,
				85350C572900F4E3002408B4 /* LaunchScreen.storyboard */,
				85350C5A2900F4E3002408B4 /* Info.plist */,
			);
			path = Filterpedia;
			sourceTree = "<group>";
		};
		85350C602900F569002408B4 /* customFilters */ = {
			isa = PBXGroup;
			children = (
				85350C612900F569002408B4 /* CMYKRegistrationMismatch.swift */,
				85350C622900F569002408B4 /* RefractedTextFilter.swift */,
				85350C632900F569002408B4 /* MultiBandHSV.swift */,
				85350C642900F569002408B4 /* SimplePlasma.swift */,
				85350C652900F569002408B4 /* Voronoi.cikernel */,
				85350C662900F569002408B4 /* cikl_sky.cikernel */,
				85350C672900F569002408B4 /* Bokeh.swift */,
				85350C682900F569002408B4 /* CausticRefraction.swift */,
				85350C692900F569002408B4 /* ModelIOGenerators.swift */,
				85350C6A2900F569002408B4 /* CarnivalMirror.swift */,
				85350C6B2900F569002408B4 /* flame.cikernel */,
				85350C6C2900F569002408B4 /* SobelEdgeDetection.swift */,
				85350C6D2900F569002408B4 /* FilmicEffects.swift */,
				85350C6E2900F569002408B4 /* ColorDirectedBlur.swift */,
				85350C6F2900F569002408B4 /* VoronoiNoise.swift */,
				85350C702900F569002408B4 /* CompoundEye.swift */,
				85350C712900F569002408B4 /* CIKL_Sky.swift */,
				85350C722900F569002408B4 /* CRTFilter.swift */,
				85350C732900F569002408B4 /* ConcentricSineWaves.swift */,
				85350C742900F569002408B4 /* TransverseChromaticAberration.swift */,
				85350C752900F569002408B4 /* metalFilters */,
				85350C782900F569002408B4 /* EightBit.swift */,
				85350C792900F569002408B4 /* DitherBayer.cikernel */,
				85350C7A2900F569002408B4 /* Flame.swift */,
				85350C7B2900F569002408B4 /* LensFlare.swift */,
				85350C7C2900F569002408B4 /* KuwaharaFilter.swift */,
				85350C7D2900F569002408B4 /* ThirdPartyFilters.swift */,
				85350C7E2900F569002408B4 /* MercurializeFilter.swift */,
				85350C7F2900F569002408B4 /* RGBChannelCompositing.swift */,
				85350C802900F569002408B4 /* CustomFilters.swift */,
				85350C812900F569002408B4 /* Scatter.swift */,
				85350C822900F569002408B4 /* VImageFilters.swift */,
			);
			path = customFilters;
			sourceTree = "<group>";
		};
		85350C752900F569002408B4 /* metalFilters */ = {
			isa = PBXGroup;
			children = (
				85350C762900F569002408B4 /* MetalFilters.swift */,
				85350C772900F569002408B4 /* Shaders.metal */,
			);
			path = metalFilters;
			sourceTree = "<group>";
		};
		85350C832900F569002408B4 /* extensions */ = {
			isa = PBXGroup;
			children = (
				85350C842900F569002408B4 /* Extensions.swift */,
			);
			path = extensions;
			sourceTree = "<group>";
		};
		85350C852900F569002408B4 /* overlayWidgets */ = {
			isa = PBXGroup;
			children = (
				85350C862900F569002408B4 /* OverlayWidgets.swift */,
			);
			path = overlayWidgets;
			sourceTree = "<group>";
		};
		85350C872900F569002408B4 /* assets */ = {
			isa = PBXGroup;
			children = (
				85350C882900F569002408B4 /* Assets.swift */,
				85350C892900F569002408B4 /* sunflower.jpg */,
				85350C8A2900F569002408B4 /* stop.jpg */,
				85350C8B2900F569002408B4 /* monalisa.jpg */,
				85350C8C2900F569002408B4 /* Core_Image_for_Swift_title_small.png */,
				85350C8D2900F569002408B4 /* screenshot.jpg */,
				85350C8E2900F569002408B4 /* transverse_chromatic_aberration.png */,
				85350C8F2900F569002408B4 /* coffeecup.jpg */,
				85350C902900F569002408B4 /* vegas.jpg */,
				85350C912900F569002408B4 /* examples */,
				85350CC72900F569002408B4 /* sunset.jpg */,
				85350CC82900F569002408B4 /* carMascot.jpg */,
			);
			path = assets;
			sourceTree = "<group>";
		};
		85350C912900F569002408B4 /* examples */ = {
			isa = PBXGroup;
			children = (
				85350C922900F569002408B4 /* advanced_monochrome.png */,
				85350C932900F569002408B4 /* normal_map.png */,
				85350C942900F569002408B4 /* metal_perlin_noise.png */,
				85350C952900F569002408B4 /* polar_pixellate.png */,
				85350C962900F569002408B4 /* smooth_threshold.png */,
				85350C972900F569002408B4 /* starburst.png */,
				85350C982900F569002408B4 /* histogram_specification.png */,
				85350C992900F569002408B4 /* compound_eye.png */,
				85350C9A2900F569002408B4 /* variable_circular_bokeh.png */,
				85350C9B2900F569002408B4 /* color_from_temperature.png */,
				85350C9C2900F569002408B4 /* eight_bit.png */,
				85350C9D2900F569002408B4 /* carnival_mirror.png */,
				85350C9E2900F569002408B4 /* pseudo_color.png */,
				85350C9F2900F569002408B4 /* color_directed_blur.png */,
				85350CA02900F569002408B4 /* difference_of_gaussians.png */,
				85350CA12900F569002408B4 /* refracted_text.png */,
				85350CA22900F569002408B4 /* circular_bokeh.jpg */,
				85350CA32900F569002408B4 /* bokeh.png */,
				85350CA42900F569002408B4 /* rgb_brightness_contast.png */,
				85350CA52900F569002408B4 /* threshold.png */,
				85350CA62900F569002408B4 /* color_scalar_noise.png */,
				85350CA72900F569002408B4 /* chromatic_abberation.png */,
				85350CA82900F569002408B4 /* simple_sky.png */,
				85350CA92900F569002408B4 /* rgb_gaussian_blur.png */,
				85350CAA2900F569002408B4 /* vhs_tracking_lines.png */,
				85350CAB2900F569002408B4 /* metal_pixellate.png */,
				85350CAC2900F569002408B4 /* simple_plasma.jpg */,
				85350CAD2900F569002408B4 /* cmyk_tone_curve.png */,
				85350CAE2900F569002408B4 /* caustic_refraction.png */,
				85350CAF2900F569002408B4 /* rgb_compositing.png */,
				85350CB02900F569002408B4 /* homogeneous_color_blur.jpg */,
				85350CB12900F569002408B4 /* mercurialize.png */,
				85350CB22900F569002408B4 /* flame.jpg */,
				85350CB32900F569002408B4 /* equalization.png */,
				85350CB42900F569002408B4 /* variable_hexagonal_bokeh.png */,
				85350CB52900F569002408B4 /* technocolor.png */,
				85350CB62900F569002408B4 /* threshold_to_alpha.png */,
				85350CB72900F569002408B4 /* sky_generator.png */,
				85350CB82900F569002408B4 /* 5x5_sobel.png */,
				85350CB92900F569002408B4 /* contrast_stretch.png */,
				85350CBA2900F569002408B4 /* kuwahara.png */,
				85350CBB2900F569002408B4 /* voronoi.png */,
				85350CBC2900F569002408B4 /* cmyk_levels.png */,
				85350CBD2900F569002408B4 /* bleach_bypass.png */,
				85350CBE2900F569002408B4 /* concentric_sine_waves.jpg */,
				85350CBF2900F569002408B4 /* lens_flare.png */,
				85350CC02900F569002408B4 /* scatter.jpg */,
				85350CC12900F569002408B4 /* crt.png */,
				85350CC22900F569002408B4 /* 3x3_sobel.png */,
				85350CC32900F569002408B4 /* cmyk_registration_mismatch.png */,
				85350CC42900F569002408B4 /* multi_band_hsv.png */,
				85350CC52900F569002408B4 /* caustic_noise.png */,
				85350CC62900F569002408B4 /* rgb_one_curve.png */,
			);
			path = examples;
			sourceTree = "<group>";
		};
		85350CC92900F569002408B4 /* components */ = {
			isa = PBXGroup;
			children = (
				85350CCA2900F569002408B4 /* VectorSlider.swift */,
				85350CCB2900F569002408B4 /* HistogramDisplay.swift */,
				85350CCC2900F569002408B4 /* CompositeOverBlackFilter.swift */,
				85350CCD2900F569002408B4 /* LabelledSlider.swift */,
				85350CCE2900F569002408B4 /* FilterInputItemRenderer.swift */,
				85350CCF2900F569002408B4 /* FilterNavigator.swift */,
				85350CD02900F569002408B4 /* FilterDetail.swift */,
			);
			path = components;
			sourceTree = "<group>";
		};
/* End PBXGroup section */

/* Begin PBXNativeTarget section */
		85350C482900F4E1002408B4 /* Filterpedia */ = {
			isa = PBXNativeTarget;
			buildConfigurationList = 85350C5D2900F4E3002408B4 /* Build configuration list for PBXNativeTarget "Filterpedia" */;
			buildPhases = (
				85350C452900F4E1002408B4 /* Sources */,
				85350C462900F4E1002408B4 /* Frameworks */,
				85350C472900F4E1002408B4 /* Resources */,
			);
			buildRules = (
			);
			dependencies = (
			);
			name = Filterpedia;
			productName = Filterpedia;
			productReference = 85350C492900F4E1002408B4 /* Filterpedia.app */;
			productType = "com.apple.product-type.application";
		};
/* End PBXNativeTarget section */

/* Begin PBXProject section */
		85350C412900F4E1002408B4 /* Project object */ = {
			isa = PBXProject;
			attributes = {
				BuildIndependentTargetsInParallel = 1;
				LastSwiftUpdateCheck = 1400;
				LastUpgradeCheck = 1400;
				TargetAttributes = {
					85350C482900F4E1002408B4 = {
						CreatedOnToolsVersion = 14.0.1;
					};
				};
			};
			buildConfigurationList = 85350C442900F4E1002408B4 /* Build configuration list for PBXProject "Filterpedia" */;
			compatibilityVersion = "Xcode 14.0";
			developmentRegion = en;
			hasScannedForEncodings = 0;
			knownRegions = (
				en,
				Base,
			);
			mainGroup = 85350C402900F4E1002408B4;
			productRefGroup = 85350C4A2900F4E1002408B4 /* Products */;
			projectDirPath = "";
			projectRoot = "";
			targets = (
				85350C482900F4E1002408B4 /* Filterpedia */,
			);
		};
/* End PBXProject section */

/* Begin PBXResourcesBuildPhase section */
		85350C472900F4E1002408B4 /* Resources */ = {
			isa = PBXResourcesBuildPhase;
			buildActionMask = 2147483647;
			files = (
				85350D2A2900F56A002408B4 /* lens_flare.png in Resources */,
				85350D272900F56A002408B4 /* cmyk_levels.png in Resources */,
				85350CD62900F569002408B4 /* cikl_sky.cikernel in Resources */,
				85350CF52900F56A002408B4 /* sunflower.jpg in Resources */,
				85350D292900F56A002408B4 /* concentric_sine_waves.jpg in Resources */,
				85350D182900F56A002408B4 /* cmyk_tone_curve.png in Resources */,
				85350CFB2900F56A002408B4 /* coffeecup.jpg in Resources */,
				85350D1B2900F56A002408B4 /* homogeneous_color_blur.jpg in Resources */,
				85350D282900F56A002408B4 /* bleach_bypass.png in Resources */,
				85350D072900F56A002408B4 /* eight_bit.png in Resources */,
				85350CE82900F56A002408B4 /* DitherBayer.cikernel in Resources */,
				85350D092900F56A002408B4 /* pseudo_color.png in Resources */,
				85350D242900F56A002408B4 /* contrast_stretch.png in Resources */,
				85350CF92900F56A002408B4 /* screenshot.jpg in Resources */,
				85350C592900F4E3002408B4 /* LaunchScreen.storyboard in Resources */,
				85350D1C2900F56A002408B4 /* mercurialize.png in Resources */,
				85350D122900F56A002408B4 /* chromatic_abberation.png in Resources */,
				85350D222900F56A002408B4 /* sky_generator.png in Resources */,
				85350D2D2900F56A002408B4 /* 3x3_sobel.png in Resources */,
				85350D102900F56A002408B4 /* threshold.png in Resources */,
				85350D062900F56A002408B4 /* color_from_temperature.png in Resources */,
				85350D162900F56A002408B4 /* metal_pixellate.png in Resources */,
				85350D132900F56A002408B4 /* simple_sky.png in Resources */,
				85350D172900F56A002408B4 /* simple_plasma.jpg in Resources */,
				85350D002900F56A002408B4 /* polar_pixellate.png in Resources */,
				85350D1A2900F56A002408B4 /* rgb_compositing.png in Resources */,
				85350D2F2900F56A002408B4 /* multi_band_hsv.png in Resources */,
				85350CFF2900F56A002408B4 /* metal_perlin_noise.png in Resources */,
				85350CFD2900F56A002408B4 /* advanced_monochrome.png in Resources */,
				85350D012900F56A002408B4 /* smooth_threshold.png in Resources */,
				85350D042900F56A002408B4 /* compound_eye.png in Resources */,
				85350D332900F56A002408B4 /* carMascot.jpg in Resources */,
				85350CF62900F56A002408B4 /* stop.jpg in Resources */,
				85350D0F2900F56A002408B4 /* rgb_brightness_contast.png in Resources */,
				85350D232900F56A002408B4 /* 5x5_sobel.png in Resources */,
				85350D212900F56A002408B4 /* threshold_to_alpha.png in Resources */,
				85350D082900F56A002408B4 /* carnival_mirror.png in Resources */,
				85350D312900F56A002408B4 /* rgb_one_curve.png in Resources */,
				85350C562900F4E3002408B4 /* Assets.xcassets in Resources */,
				85350C542900F4E1002408B4 /* Main.storyboard in Resources */,
				85350D192900F56A002408B4 /* caustic_refraction.png in Resources */,
				85350D0B2900F56A002408B4 /* difference_of_gaussians.png in Resources */,
				85350CF72900F56A002408B4 /* monalisa.jpg in Resources */,
				85350D2C2900F56A002408B4 /* crt.png in Resources */,
				85350D112900F56A002408B4 /* color_scalar_noise.png in Resources */,
				85350D2B2900F56A002408B4 /* scatter.jpg in Resources */,
				85350D142900F56A002408B4 /* rgb_gaussian_blur.png in Resources */,
				85350D032900F56A002408B4 /* histogram_specification.png in Resources */,
				85350D052900F56A002408B4 /* variable_circular_bokeh.png in Resources */,
				85350D022900F56A002408B4 /* starburst.png in Resources */,
				85350CFC2900F56A002408B4 /* vegas.jpg in Resources */,
				85350D152900F56A002408B4 /* vhs_tracking_lines.png in Resources */,
				85350CDB2900F56A002408B4 /* flame.cikernel in Resources */,
				85350D302900F56A002408B4 /* caustic_noise.png in Resources */,
				85350D252900F56A002408B4 /* kuwahara.png in Resources */,
				85350D1F2900F56A002408B4 /* variable_hexagonal_bokeh.png in Resources */,
				85350CFE2900F56A002408B4 /* normal_map.png in Resources */,
				85350CFA2900F56A002408B4 /* transverse_chromatic_aberration.png in Resources */,
				85350D2E2900F56A002408B4 /* cmyk_registration_mismatch.png in Resources */,
				85350D0A2900F56A002408B4 /* color_directed_blur.png in Resources */,
				85350D202900F56A002408B4 /* technocolor.png in Resources */,
				85350D322900F56A002408B4 /* sunset.jpg in Resources */,
				85350D0C2900F56A002408B4 /* refracted_text.png in Resources */,
				85350D1E2900F56A002408B4 /* equalization.png in Resources */,
				85350CD52900F569002408B4 /* Voronoi.cikernel in Resources */,
				85350D0D2900F56A002408B4 /* circular_bokeh.jpg in Resources */,
				85350D262900F56A002408B4 /* voronoi.png in Resources */,
				85350D1D2900F56A002408B4 /* flame.jpg in Resources */,
				85350CF82900F56A002408B4 /* Core_Image_for_Swift_title_small.png in Resources */,
				85350D0E2900F56A002408B4 /* bokeh.png in Resources */,
			);
			runOnlyForDeploymentPostprocessing = 0;
		};
/* End PBXResourcesBuildPhase section */

/* Begin PBXSourcesBuildPhase section */
		85350C452900F4E1002408B4 /* Sources */ = {
			isa = PBXSourcesBuildPhase;
			buildActionMask = 2147483647;
			files = (
				85350D3A2900F56A002408B4 /* FilterDetail.swift in Sources */,
				85350D342900F56A002408B4 /* VectorSlider.swift in Sources */,
				85350D392900F56A002408B4 /* FilterNavigator.swift in Sources */,
				85350C512900F4E1002408B4 /* ViewController.swift in Sources */,
				85350CDE2900F56A002408B4 /* ColorDirectedBlur.swift in Sources */,
				85350CE12900F56A002408B4 /* CIKL_Sky.swift in Sources */,
				85350CF12900F56A002408B4 /* VImageFilters.swift in Sources */,
				85350D372900F56A002408B4 /* LabelledSlider.swift in Sources */,
				85350CE72900F56A002408B4 /* EightBit.swift in Sources */,
				85350CDC2900F56A002408B4 /* SobelEdgeDetection.swift in Sources */,
				85350CF42900F56A002408B4 /* Assets.swift in Sources */,
				85350CDD2900F56A002408B4 /* FilmicEffects.swift in Sources */,
				85350CEF2900F56A002408B4 /* CustomFilters.swift in Sources */,
				85350CD92900F569002408B4 /* ModelIOGenerators.swift in Sources */,
				85350CF02900F56A002408B4 /* Scatter.swift in Sources */,
				85350CD72900F569002408B4 /* Bokeh.swift in Sources */,
				85350D352900F56A002408B4 /* HistogramDisplay.swift in Sources */,
				85350CD42900F569002408B4 /* SimplePlasma.swift in Sources */,
				85350CF32900F56A002408B4 /* OverlayWidgets.swift in Sources */,
				85350CE22900F56A002408B4 /* CRTFilter.swift in Sources */,
				85350CE52900F56A002408B4 /* MetalFilters.swift in Sources */,
				85350CD82900F569002408B4 /* CausticRefraction.swift in Sources */,
				85350D362900F56A002408B4 /* CompositeOverBlackFilter.swift in Sources */,
				85350CED2900F56A002408B4 /* MercurializeFilter.swift in Sources */,
				85350CD32900F569002408B4 /* MultiBandHSV.swift in Sources */,
				85350CE92900F56A002408B4 /* Flame.swift in Sources */,
				85350CEA2900F56A002408B4 /* LensFlare.swift in Sources */,
				85350CEB2900F56A002408B4 /* KuwaharaFilter.swift in Sources */,
				85350CDF2900F56A002408B4 /* VoronoiNoise.swift in Sources */,
				85350C4D2900F4E1002408B4 /* AppDelegate.swift in Sources */,
				85350CE42900F56A002408B4 /* TransverseChromaticAberration.swift in Sources */,
				85350CE62900F56A002408B4 /* Shaders.metal in Sources */,
				85350D3C2900F7FA002408B4 /* UIView+Frame.swift in Sources */,
				85350CE32900F56A002408B4 /* ConcentricSineWaves.swift in Sources */,
				85350CD12900F569002408B4 /* CMYKRegistrationMismatch.swift in Sources */,
				85350CEC2900F56A002408B4 /* ThirdPartyFilters.swift in Sources */,
				85350D382900F56A002408B4 /* FilterInputItemRenderer.swift in Sources */,
				85350CF22900F56A002408B4 /* Extensions.swift in Sources */,
				85350CDA2900F569002408B4 /* CarnivalMirror.swift in Sources */,
				85350CD22900F569002408B4 /* RefractedTextFilter.swift in Sources */,
				85350CEE2900F56A002408B4 /* RGBChannelCompositing.swift in Sources */,
				85350CE02900F56A002408B4 /* CompoundEye.swift in Sources */,
			);
			runOnlyForDeploymentPostprocessing = 0;
		};
/* End PBXSourcesBuildPhase section */

/* Begin PBXVariantGroup section */
		85350C522900F4E1002408B4 /* Main.storyboard */ = {
			isa = PBXVariantGroup;
			children = (
				85350C532900F4E1002408B4 /* Base */,
			);
			name = Main.storyboard;
			sourceTree = "<group>";
		};
		85350C572900F4E3002408B4 /* LaunchScreen.storyboard */ = {
			isa = PBXVariantGroup;
			children = (
				85350C582900F4E3002408B4 /* Base */,
			);
			name = LaunchScreen.storyboard;
			sourceTree = "<group>";
		};
/* End PBXVariantGroup section */

/* Begin XCBuildConfiguration section */
		85350C5B2900F4E3002408B4 /* Debug */ = {
			isa = XCBuildConfiguration;
			buildSettings = {
				ALWAYS_SEARCH_USER_PATHS = NO;
				CLANG_ANALYZER_NONNULL = YES;
				CLANG_ANALYZER_NUMBER_OBJECT_CONVERSION = YES_AGGRESSIVE;
				CLANG_CXX_LANGUAGE_STANDARD = "gnu++20";
				CLANG_ENABLE_MODULES = YES;
				CLANG_ENABLE_OBJC_ARC = YES;
				CLANG_ENABLE_OBJC_WEAK = YES;
				CLANG_WARN_BLOCK_CAPTURE_AUTORELEASING = YES;
				CLANG_WARN_BOOL_CONVERSION = YES;
				CLANG_WARN_COMMA = YES;
				CLANG_WARN_CONSTANT_CONVERSION = YES;
				CLANG_WARN_DEPRECATED_OBJC_IMPLEMENTATIONS = YES;
				CLANG_WARN_DIRECT_OBJC_ISA_USAGE = YES_ERROR;
				CLANG_WARN_DOCUMENTATION_COMMENTS = YES;
				CLANG_WARN_EMPTY_BODY = YES;
				CLANG_WARN_ENUM_CONVERSION = YES;
				CLANG_WARN_INFINITE_RECURSION = YES;
				CLANG_WARN_INT_CONVERSION = YES;
				CLANG_WARN_NON_LITERAL_NULL_CONVERSION = YES;
				CLANG_WARN_OBJC_IMPLICIT_RETAIN_SELF = YES;
				CLANG_WARN_OBJC_LITERAL_CONVERSION = YES;
				CLANG_WARN_OBJC_ROOT_CLASS = YES_ERROR;
				CLANG_WARN_QUOTED_INCLUDE_IN_FRAMEWORK_HEADER = YES;
				CLANG_WARN_RANGE_LOOP_ANALYSIS = YES;
				CLANG_WARN_STRICT_PROTOTYPES = YES;
				CLANG_WARN_SUSPICIOUS_MOVE = YES;
				CLANG_WARN_UNGUARDED_AVAILABILITY = YES_AGGRESSIVE;
				CLANG_WARN_UNREACHABLE_CODE = YES;
				CLANG_WARN__DUPLICATE_METHOD_MATCH = YES;
				COPY_PHASE_STRIP = NO;
				DEBUG_INFORMATION_FORMAT = dwarf;
				ENABLE_STRICT_OBJC_MSGSEND = YES;
				ENABLE_TESTABILITY = YES;
				GCC_C_LANGUAGE_STANDARD = gnu11;
				GCC_DYNAMIC_NO_PIC = NO;
				GCC_NO_COMMON_BLOCKS = YES;
				GCC_OPTIMIZATION_LEVEL = 0;
				GCC_PREPROCESSOR_DEFINITIONS = (
					"DEBUG=1",
					"$(inherited)",
				);
				GCC_WARN_64_TO_32_BIT_CONVERSION = YES;
				GCC_WARN_ABOUT_RETURN_TYPE = YES_ERROR;
				GCC_WARN_UNDECLARED_SELECTOR = YES;
				GCC_WARN_UNINITIALIZED_AUTOS = YES_AGGRESSIVE;
				GCC_WARN_UNUSED_FUNCTION = YES;
				GCC_WARN_UNUSED_VARIABLE = YES;
				IPHONEOS_DEPLOYMENT_TARGET = 16.0;
				MTL_ENABLE_DEBUG_INFO = INCLUDE_SOURCE;
				MTL_FAST_MATH = YES;
				ONLY_ACTIVE_ARCH = YES;
				SDKROOT = iphoneos;
				SWIFT_ACTIVE_COMPILATION_CONDITIONS = DEBUG;
				SWIFT_OPTIMIZATION_LEVEL = "-Onone";
			};
			name = Debug;
		};
		85350C5C2900F4E3002408B4 /* Release */ = {
			isa = XCBuildConfiguration;
			buildSettings = {
				ALWAYS_SEARCH_USER_PATHS = NO;
				CLANG_ANALYZER_NONNULL = YES;
				CLANG_ANALYZER_NUMBER_OBJECT_CONVERSION = YES_AGGRESSIVE;
				CLANG_CXX_LANGUAGE_STANDARD = "gnu++20";
				CLANG_ENABLE_MODULES = YES;
				CLANG_ENABLE_OBJC_ARC = YES;
				CLANG_ENABLE_OBJC_WEAK = YES;
				CLANG_WARN_BLOCK_CAPTURE_AUTORELEASING = YES;
				CLANG_WARN_BOOL_CONVERSION = YES;
				CLANG_WARN_COMMA = YES;
				CLANG_WARN_CONSTANT_CONVERSION = YES;
				CLANG_WARN_DEPRECATED_OBJC_IMPLEMENTATIONS = YES;
				CLANG_WARN_DIRECT_OBJC_ISA_USAGE = YES_ERROR;
				CLANG_WARN_DOCUMENTATION_COMMENTS = YES;
				CLANG_WARN_EMPTY_BODY = YES;
				CLANG_WARN_ENUM_CONVERSION = YES;
				CLANG_WARN_INFINITE_RECURSION = YES;
				CLANG_WARN_INT_CONVERSION = YES;
				CLANG_WARN_NON_LITERAL_NULL_CONVERSION = YES;
				CLANG_WARN_OBJC_IMPLICIT_RETAIN_SELF = YES;
				CLANG_WARN_OBJC_LITERAL_CONVERSION = YES;
				CLANG_WARN_OBJC_ROOT_CLASS = YES_ERROR;
				CLANG_WARN_QUOTED_INCLUDE_IN_FRAMEWORK_HEADER = YES;
				CLANG_WARN_RANGE_LOOP_ANALYSIS = YES;
				CLANG_WARN_STRICT_PROTOTYPES = YES;
				CLANG_WARN_SUSPICIOUS_MOVE = YES;
				CLANG_WARN_UNGUARDED_AVAILABILITY = YES_AGGRESSIVE;
				CLANG_WARN_UNREACHABLE_CODE = YES;
				CLANG_WARN__DUPLICATE_METHOD_MATCH = YES;
				COPY_PHASE_STRIP = NO;
				DEBUG_INFORMATION_FORMAT = "dwarf-with-dsym";
				ENABLE_NS_ASSERTIONS = NO;
				ENABLE_STRICT_OBJC_MSGSEND = YES;
				GCC_C_LANGUAGE_STANDARD = gnu11;
				GCC_NO_COMMON_BLOCKS = YES;
				GCC_WARN_64_TO_32_BIT_CONVERSION = YES;
				GCC_WARN_ABOUT_RETURN_TYPE = YES_ERROR;
				GCC_WARN_UNDECLARED_SELECTOR = YES;
				GCC_WARN_UNINITIALIZED_AUTOS = YES_AGGRESSIVE;
				GCC_WARN_UNUSED_FUNCTION = YES;
				GCC_WARN_UNUSED_VARIABLE = YES;
				IPHONEOS_DEPLOYMENT_TARGET = 16.0;
				MTL_ENABLE_DEBUG_INFO = NO;
				MTL_FAST_MATH = YES;
				SDKROOT = iphoneos;
				SWIFT_COMPILATION_MODE = wholemodule;
				SWIFT_OPTIMIZATION_LEVEL = "-O";
				VALIDATE_PRODUCT = YES;
			};
			name = Release;
		};
		85350C5E2900F4E3002408B4 /* Debug */ = {
			isa = XCBuildConfiguration;
			buildSettings = {
				ASSETCATALOG_COMPILER_APPICON_NAME = AppIcon;
				ASSETCATALOG_COMPILER_GLOBAL_ACCENT_COLOR_NAME = AccentColor;
				CODE_SIGN_STYLE = Automatic;
				CURRENT_PROJECT_VERSION = 1;
				DEVELOPMENT_TEAM = 434LAPTC9J;
				GENERATE_INFOPLIST_FILE = YES;
				INFOPLIST_FILE = Filterpedia/Info.plist;
				INFOPLIST_KEY_UIApplicationSupportsIndirectInputEvents = YES;
				INFOPLIST_KEY_UILaunchStoryboardName = LaunchScreen;
				INFOPLIST_KEY_UIMainStoryboardFile = Main;
				INFOPLIST_KEY_UISupportedInterfaceOrientations_iPad = "UIInterfaceOrientationPortrait UIInterfaceOrientationPortraitUpsideDown UIInterfaceOrientationLandscapeLeft UIInterfaceOrientationLandscapeRight";
				INFOPLIST_KEY_UISupportedInterfaceOrientations_iPhone = "UIInterfaceOrientationPortrait UIInterfaceOrientationLandscapeLeft UIInterfaceOrientationLandscapeRight";
				IPHONEOS_DEPLOYMENT_TARGET = 11.0;
				LD_RUNPATH_SEARCH_PATHS = (
					"$(inherited)",
					"@executable_path/Frameworks",
				);
				MARKETING_VERSION = 1.0;
				PRODUCT_BUNDLE_IDENTIFIER = com.foxStudio.Filterpedia;
				PRODUCT_NAME = "$(TARGET_NAME)";
				SWIFT_EMIT_LOC_STRINGS = YES;
				SWIFT_VERSION = 5.0;
				TARGETED_DEVICE_FAMILY = "1,2";
			};
			name = Debug;
		};
		85350C5F2900F4E3002408B4 /* Release */ = {
			isa = XCBuildConfiguration;
			buildSettings = {
				ASSETCATALOG_COMPILER_APPICON_NAME = AppIcon;
				ASSETCATALOG_COMPILER_GLOBAL_ACCENT_COLOR_NAME = AccentColor;
				CODE_SIGN_STYLE = Automatic;
				CURRENT_PROJECT_VERSION = 1;
				DEVELOPMENT_TEAM = 434LAPTC9J;
				GENERATE_INFOPLIST_FILE = YES;
				INFOPLIST_FILE = Filterpedia/Info.plist;
				INFOPLIST_KEY_UIApplicationSupportsIndirectInputEvents = YES;
				INFOPLIST_KEY_UILaunchStoryboardName = LaunchScreen;
				INFOPLIST_KEY_UIMainStoryboardFile = Main;
				INFOPLIST_KEY_UISupportedInterfaceOrientations_iPad = "UIInterfaceOrientationPortrait UIInterfaceOrientationPortraitUpsideDown UIInterfaceOrientationLandscapeLeft UIInterfaceOrientationLandscapeRight";
				INFOPLIST_KEY_UISupportedInterfaceOrientations_iPhone = "UIInterfaceOrientationPortrait UIInterfaceOrientationLandscapeLeft UIInterfaceOrientationLandscapeRight";
				IPHONEOS_DEPLOYMENT_TARGET = 11.0;
				LD_RUNPATH_SEARCH_PATHS = (
					"$(inherited)",
					"@executable_path/Frameworks",
				);
				MARKETING_VERSION = 1.0;
				PRODUCT_BUNDLE_IDENTIFIER = com.foxStudio.Filterpedia;
				PRODUCT_NAME = "$(TARGET_NAME)";
				SWIFT_EMIT_LOC_STRINGS = YES;
				SWIFT_VERSION = 5.0;
				TARGETED_DEVICE_FAMILY = "1,2";
			};
			name = Release;
		};
/* End XCBuildConfiguration section */

/* Begin XCConfigurationList section */
		85350C442900F4E1002408B4 /* Build configuration list for PBXProject "Filterpedia" */ = {
			isa = XCConfigurationList;
			buildConfigurations = (
				85350C5B2900F4E3002408B4 /* Debug */,
				85350C5C2900F4E3002408B4 /* Release */,
			);
			defaultConfigurationIsVisible = 0;
			defaultConfigurationName = Release;
		};
		85350C5D2900F4E3002408B4 /* Build configuration list for PBXNativeTarget "Filterpedia" */ = {
			isa = XCConfigurationList;
			buildConfigurations = (
				85350C5E2900F4E3002408B4 /* Debug */,
				85350C5F2900F4E3002408B4 /* Release */,
			);
			defaultConfigurationIsVisible = 0;
			defaultConfigurationName = Release;
		};
/* End XCConfigurationList section */
	};
	rootObject = 85350C412900F4E1002408B4 /* Project object */;
}
